# THIS IS AN AUTOGENERATED FILE. DO NOT EDIT THIS FILE DIRECTLY.
# yarn lockfile v1


"@types/p5@^1.7.6":
  version "1.7.6"
  resolved "https://registry.yarnpkg.com/@types/p5/-/p5-1.7.6.tgz#f2ec2bb3cddaa40922afa5bb54b7903ce7e509ed"
  integrity sha512-6pLTOo0V3N5jZb5nTwjiv3lPHLK3Z/TjbhQUj8CTWXocUk1Z/f6OHTp3Pcwi1BhWnf5gqKUcyEb1gP0KIJuQgw==

p5@^1.9.0:
  version "1.9.0"
  resolved "https://registry.yarnpkg.com/p5/-/p5-1.9.0.tgz#04c406ae683449106d514108648035b21aa850fb"
  integrity sha512-+5/hz0ZokCDf7BMMAeemE7FIo7gFZK7ImL62acHLXZwerGjqj+171bnaAWj4aCFCx6fwysAr2U7/AKuPyPhehA==
